// !$*UTF8*$!
{
	archiveVersion = 1;
	classes = {
	};
	objectVersion = 50;
	objects = {

/* Begin PBXBuildFile section */
		1A9F0373215A5EA6004AF632 /* AppDelegate.swift in Sources */ = {isa = PBXBuildFile; fileRef = 1A9F0372215A5EA6004AF632 /* AppDelegate.swift */; };
		1A9F0378215A5EA6004AF632 /* Main.storyboard in Resources */ = {isa = PBXBuildFile; fileRef = 1A9F0376215A5EA6004AF632 /* Main.storyboard */; };
		1A9F037A215A5EA7004AF632 /* Assets.xcassets in Resources */ = {isa = PBXBuildFile; fileRef = 1A9F0379215A5EA7004AF632 /* Assets.xcassets */; };
		1A9F037D215A5EA7004AF632 /* LaunchScreen.storyboard in Resources */ = {isa = PBXBuildFile; fileRef = 1A9F037B215A5EA7004AF632 /* LaunchScreen.storyboard */; };
		1A9F0385215A5F83004AF632 /* CollectionViewCell.swift in Sources */ = {isa = PBXBuildFile; fileRef = 1A9F0384215A5F83004AF632 /* CollectionViewCell.swift */; };
		1AAA9C5821645D98007FB6E8 /* ToDoVC.swift in Sources */ = {isa = PBXBuildFile; fileRef = 1AAA9C5721645D98007FB6E8 /* ToDoVC.swift */; };
		1AAA9C5A21645E11007FB6E8 /* SwipeTableViewController.swift in Sources */ = {isa = PBXBuildFile; fileRef = 1AAA9C5921645E11007FB6E8 /* SwipeTableViewController.swift */; };
		1AB90B38215B2E4E004BF093 /* RoundButton.swift in Sources */ = {isa = PBXBuildFile; fileRef = 1AB90B37215B2E4E004BF093 /* RoundButton.swift */; };
		1AB90B5C215B7D53004BF093 /* DataModel.xcdatamodeld in Sources */ = {isa = PBXBuildFile; fileRef = 1AB90B5A215B7D53004BF093 /* DataModel.xcdatamodeld */; };
		563187D2219A8B4500E5B6BF /* SwipingController.swift in Sources */ = {isa = PBXBuildFile; fileRef = 563187D1219A8B4500E5B6BF /* SwipingController.swift */; };
		563187D4219A8BDE00E5B6BF /* Page.swift in Sources */ = {isa = PBXBuildFile; fileRef = 563187D3219A8BDE00E5B6BF /* Page.swift */; };
		563187D6219A8C9E00E5B6BF /* PageCell.swift in Sources */ = {isa = PBXBuildFile; fileRef = 563187D5219A8C9E00E5B6BF /* PageCell.swift */; };
		563187D8219B81E800E5B6BF /* CategoryViewController.swift in Sources */ = {isa = PBXBuildFile; fileRef = 563187D7219B81E800E5B6BF /* CategoryViewController.swift */; };
		563187DA219DEC6500E5B6BF /* ExpandableItems.swift in Sources */ = {isa = PBXBuildFile; fileRef = 563187D9219DEC6500E5B6BF /* ExpandableItems.swift */; };
		56714F7621914245000CBB04 /* NotesVC.swift in Sources */ = {isa = PBXBuildFile; fileRef = 56714F7521914245000CBB04 /* NotesVC.swift */; };
		5682BE28218FBDC60029A80A /* MyTableViewCell.swift in Sources */ = {isa = PBXBuildFile; fileRef = 5682BE27218FBDC60029A80A /* MyTableViewCell.swift */; };
		56F45AE1218BDAE900D0BD08 /* Settings.swift in Sources */ = {isa = PBXBuildFile; fileRef = 56F45AE0218BDAE900D0BD08 /* Settings.swift */; };
		9C663B2D1003DADCB0FE8E98 /* Pods_UICollectionView_Practice.framework in Frameworks */ = {isa = PBXBuildFile; fileRef = 2466EC8ACC021E175B4597FB /* Pods_UICollectionView_Practice.framework */; };
/* End PBXBuildFile section */

/* Begin PBXFileReference section */
		1A9F036F215A5EA6004AF632 /* UICollectionView Practice.app */ = {isa = PBXFileReference; explicitFileType = wrapper.application; includeInIndex = 0; path = "UICollectionView Practice.app"; sourceTree = BUILT_PRODUCTS_DIR; };
		1A9F0372215A5EA6004AF632 /* AppDelegate.swift */ = {isa = PBXFileReference; lastKnownFileType = sourcecode.swift; path = AppDelegate.swift; sourceTree = "<group>"; };
		1A9F0377215A5EA6004AF632 /* Base */ = {isa = PBXFileReference; lastKnownFileType = file.storyboard; name = Base; path = Base.lproj/Main.storyboard; sourceTree = "<group>"; };
		1A9F0379215A5EA7004AF632 /* Assets.xcassets */ = {isa = PBXFileReference; lastKnownFileType = folder.assetcatalog; path = Assets.xcassets; sourceTree = "<group>"; };
		1A9F037C215A5EA7004AF632 /* Base */ = {isa = PBXFileReference; lastKnownFileType = file.storyboard; name = Base; path = Base.lproj/LaunchScreen.storyboard; sourceTree = "<group>"; };
		1A9F037E215A5EA7004AF632 /* Info.plist */ = {isa = PBXFileReference; lastKnownFileType = text.plist.xml; path = Info.plist; sourceTree = "<group>"; };
		1A9F0384215A5F83004AF632 /* CollectionViewCell.swift */ = {isa = PBXFileReference; lastKnownFileType = sourcecode.swift; path = CollectionViewCell.swift; sourceTree = "<group>"; };
		1AAA9C5721645D98007FB6E8 /* ToDoVC.swift */ = {isa = PBXFileReference; fileEncoding = 4; lastKnownFileType = sourcecode.swift; path = ToDoVC.swift; sourceTree = "<group>"; };
		1AAA9C5921645E11007FB6E8 /* SwipeTableViewController.swift */ = {isa = PBXFileReference; fileEncoding = 4; lastKnownFileType = sourcecode.swift; path = SwipeTableViewController.swift; sourceTree = "<group>"; };
		1AB90B37215B2E4E004BF093 /* RoundButton.swift */ = {isa = PBXFileReference; lastKnownFileType = sourcecode.swift; path = RoundButton.swift; sourceTree = "<group>"; };
		1AB90B5B215B7D53004BF093 /* DataModel.xcdatamodel */ = {isa = PBXFileReference; lastKnownFileType = wrapper.xcdatamodel; path = DataModel.xcdatamodel; sourceTree = "<group>"; };
		2466EC8ACC021E175B4597FB /* Pods_UICollectionView_Practice.framework */ = {isa = PBXFileReference; explicitFileType = wrapper.framework; includeInIndex = 0; path = Pods_UICollectionView_Practice.framework; sourceTree = BUILT_PRODUCTS_DIR; };
		563187D1219A8B4500E5B6BF /* SwipingController.swift */ = {isa = PBXFileReference; lastKnownFileType = sourcecode.swift; path = SwipingController.swift; sourceTree = "<group>"; };
		563187D3219A8BDE00E5B6BF /* Page.swift */ = {isa = PBXFileReference; lastKnownFileType = sourcecode.swift; path = Page.swift; sourceTree = "<group>"; };
		563187D5219A8C9E00E5B6BF /* PageCell.swift */ = {isa = PBXFileReference; lastKnownFileType = sourcecode.swift; path = PageCell.swift; sourceTree = "<group>"; };
		563187D7219B81E800E5B6BF /* CategoryViewController.swift */ = {isa = PBXFileReference; fileEncoding = 4; lastKnownFileType = sourcecode.swift; path = CategoryViewController.swift; sourceTree = "<group>"; };
		563187D9219DEC6500E5B6BF /* ExpandableItems.swift */ = {isa = PBXFileReference; lastKnownFileType = sourcecode.swift; path = ExpandableItems.swift; sourceTree = "<group>"; };
		56714F7521914245000CBB04 /* NotesVC.swift */ = {isa = PBXFileReference; lastKnownFileType = sourcecode.swift; path = NotesVC.swift; sourceTree = "<group>"; };
		5682BE27218FBDC60029A80A /* MyTableViewCell.swift */ = {isa = PBXFileReference; lastKnownFileType = sourcecode.swift; path = MyTableViewCell.swift; sourceTree = "<group>"; };
		56F45AE0218BDAE900D0BD08 /* Settings.swift */ = {isa = PBXFileReference; lastKnownFileType = sourcecode.swift; path = Settings.swift; sourceTree = "<group>"; };
		797524B0D61ED8BEA200DB09 /* Pods-UICollectionView Practice.debug.xcconfig */ = {isa = PBXFileReference; includeInIndex = 1; lastKnownFileType = text.xcconfig; name = "Pods-UICollectionView Practice.debug.xcconfig"; path = "Pods/Target Support Files/Pods-UICollectionView Practice/Pods-UICollectionView Practice.debug.xcconfig"; sourceTree = "<group>"; };
		A69B6A1646C86B0EF856BEBB /* Pods-UICollectionView Practice.release.xcconfig */ = {isa = PBXFileReference; includeInIndex = 1; lastKnownFileType = text.xcconfig; name = "Pods-UICollectionView Practice.release.xcconfig"; path = "Pods/Target Support Files/Pods-UICollectionView Practice/Pods-UICollectionView Practice.release.xcconfig"; sourceTree = "<group>"; };
/* End PBXFileReference section */

/* Begin PBXFrameworksBuildPhase section */
		1A9F036C215A5EA6004AF632 /* Frameworks */ = {
			isa = PBXFrameworksBuildPhase;
			buildActionMask = 2147483647;
			files = (
				9C663B2D1003DADCB0FE8E98 /* Pods_UICollectionView_Practice.framework in Frameworks */,
			);
			runOnlyForDeploymentPostprocessing = 0;
		};
/* End PBXFrameworksBuildPhase section */

/* Begin PBXGroup section */
		1A9F0366215A5EA6004AF632 = {
			isa = PBXGroup;
			children = (
				1A9F0371215A5EA6004AF632 /* UICollectionView Practice */,
				1A9F0370215A5EA6004AF632 /* Products */,
				3AE17D3B979ADFA832450546 /* Pods */,
				9CF7E450A7D92390A710D162 /* Frameworks */,
			);
			sourceTree = "<group>";
		};
		1A9F0370215A5EA6004AF632 /* Products */ = {
			isa = PBXGroup;
			children = (
				1A9F036F215A5EA6004AF632 /* UICollectionView Practice.app */,
			);
			name = Products;
			sourceTree = "<group>";
		};
		1A9F0371215A5EA6004AF632 /* UICollectionView Practice */ = {
			isa = PBXGroup;
			children = (
				1A9F0372215A5EA6004AF632 /* AppDelegate.swift */,
				56714F7721914329000CBB04 /* CollectionVC */,
				56714F7821914341000CBB04 /* TableVC */,
				56714F7521914245000CBB04 /* NotesVC.swift */,
				56F45AE0218BDAE900D0BD08 /* Settings.swift */,
				563187D0219A8AF400E5B6BF /* Tutorial */,
				1A9F0376215A5EA6004AF632 /* Main.storyboard */,
				1AB90B5A215B7D53004BF093 /* DataModel.xcdatamodeld */,
				1A9F0379215A5EA7004AF632 /* Assets.xcassets */,
				1A9F037B215A5EA7004AF632 /* LaunchScreen.storyboard */,
				1A9F037E215A5EA7004AF632 /* Info.plist */,
			);
			path = "UICollectionView Practice";
			sourceTree = "<group>";
		};
		3AE17D3B979ADFA832450546 /* Pods */ = {
			isa = PBXGroup;
			children = (
				797524B0D61ED8BEA200DB09 /* Pods-UICollectionView Practice.debug.xcconfig */,
				A69B6A1646C86B0EF856BEBB /* Pods-UICollectionView Practice.release.xcconfig */,
			);
			name = Pods;
			sourceTree = "<group>";
		};
		563187D0219A8AF400E5B6BF /* Tutorial */ = {
			isa = PBXGroup;
			children = (
				563187D3219A8BDE00E5B6BF /* Page.swift */,
				563187D1219A8B4500E5B6BF /* SwipingController.swift */,
				563187D5219A8C9E00E5B6BF /* PageCell.swift */,
			);
			path = Tutorial;
			sourceTree = "<group>";
		};
		56714F7721914329000CBB04 /* CollectionVC */ = {
			isa = PBXGroup;
			children = (
				563187D7219B81E800E5B6BF /* CategoryViewController.swift */,
				1A9F0384215A5F83004AF632 /* CollectionViewCell.swift */,
				1AB90B37215B2E4E004BF093 /* RoundButton.swift */,
			);
			path = CollectionVC;
			sourceTree = "<group>";
		};
		56714F7821914341000CBB04 /* TableVC */ = {
			isa = PBXGroup;
			children = (
				563187D9219DEC6500E5B6BF /* ExpandableItems.swift */,
				1AAA9C5721645D98007FB6E8 /* ToDoVC.swift */,
				1AAA9C5921645E11007FB6E8 /* SwipeTableViewController.swift */,
				5682BE27218FBDC60029A80A /* MyTableViewCell.swift */,
			);
			path = TableVC;
			sourceTree = "<group>";
		};
		9CF7E450A7D92390A710D162 /* Frameworks */ = {
			isa = PBXGroup;
			children = (
				2466EC8ACC021E175B4597FB /* Pods_UICollectionView_Practice.framework */,
			);
			name = Frameworks;
			sourceTree = "<group>";
		};
/* End PBXGroup section */

/* Begin PBXNativeTarget section */
		1A9F036E215A5EA6004AF632 /* UICollectionView Practice */ = {
			isa = PBXNativeTarget;
			buildConfigurationList = 1A9F0381215A5EA7004AF632 /* Build configuration list for PBXNativeTarget "UICollectionView Practice" */;
			buildPhases = (
				CFEC3E1D952D3848A23EC751 /* [CP] Check Pods Manifest.lock */,
				1A9F036B215A5EA6004AF632 /* Sources */,
				1A9F036C215A5EA6004AF632 /* Frameworks */,
				1A9F036D215A5EA6004AF632 /* Resources */,
				AAE35B0340C95988AB7BA945 /* [CP] Embed Pods Frameworks */,
			);
			buildRules = (
			);
			dependencies = (
			);
			name = "UICollectionView Practice";
			productName = "UICollectionView Practice";
			productReference = 1A9F036F215A5EA6004AF632 /* UICollectionView Practice.app */;
			productType = "com.apple.product-type.application";
		};
/* End PBXNativeTarget section */

/* Begin PBXProject section */
		1A9F0367215A5EA6004AF632 /* Project object */ = {
			isa = PBXProject;
			attributes = {
				LastSwiftUpdateCheck = 1000;
				LastUpgradeCheck = 1000;
				ORGANIZATIONNAME = "胡洞明";
				TargetAttributes = {
					1A9F036E215A5EA6004AF632 = {
						CreatedOnToolsVersion = 10.0;
					};
				};
			};
			buildConfigurationList = 1A9F036A215A5EA6004AF632 /* Build configuration list for PBXProject "UICollectionView Practice" */;
			compatibilityVersion = "Xcode 9.3";
			developmentRegion = en;
			hasScannedForEncodings = 0;
			knownRegions = (
				en,
				Base,
			);
			mainGroup = 1A9F0366215A5EA6004AF632;
			productRefGroup = 1A9F0370215A5EA6004AF632 /* Products */;
			projectDirPath = "";
			projectRoot = "";
			targets = (
				1A9F036E215A5EA6004AF632 /* UICollectionView Practice */,
			);
		};
/* End PBXProject section */

/* Begin PBXResourcesBuildPhase section */
		1A9F036D215A5EA6004AF632 /* Resources */ = {
			isa = PBXResourcesBuildPhase;
			buildActionMask = 2147483647;
			files = (
				1A9F037D215A5EA7004AF632 /* LaunchScreen.storyboard in Resources */,
				1A9F037A215A5EA7004AF632 /* Assets.xcassets in Resources */,
				1A9F0378215A5EA6004AF632 /* Main.storyboard in Resources */,
			);
			runOnlyForDeploymentPostprocessing = 0;
		};
/* End PBXResourcesBuildPhase section */

/* Begin PBXShellScriptBuildPhase section */
		AAE35B0340C95988AB7BA945 /* [CP] Embed Pods Frameworks */ = {
			isa = PBXShellScriptBuildPhase;
			buildActionMask = 2147483647;
			files = (
			);
			inputPaths = (
				"${SRCROOT}/Pods/Target Support Files/Pods-UICollectionView Practice/Pods-UICollectionView Practice-frameworks.sh",
				"${BUILT_PRODUCTS_DIR}/ChameleonFramework/ChameleonFramework.framework",
				"${BUILT_PRODUCTS_DIR}/SwipeCellKit/SwipeCellKit.framework",
				"${BUILT_PRODUCTS_DIR}/TableViewDragger/TableViewDragger.framework",
			);
			name = "[CP] Embed Pods Frameworks";
			outputPaths = (
				"${TARGET_BUILD_DIR}/${FRAMEWORKS_FOLDER_PATH}/ChameleonFramework.framework",
				"${TARGET_BUILD_DIR}/${FRAMEWORKS_FOLDER_PATH}/SwipeCellKit.framework",
				"${TARGET_BUILD_DIR}/${FRAMEWORKS_FOLDER_PATH}/TableViewDragger.framework",
			);
			runOnlyForDeploymentPostprocessing = 0;
			shellPath = /bin/sh;
			shellScript = "\"${SRCROOT}/Pods/Target Support Files/Pods-UICollectionView Practice/Pods-UICollectionView Practice-frameworks.sh\"\n";
			showEnvVarsInLog = 0;
		};
		CFEC3E1D952D3848A23EC751 /* [CP] Check Pods Manifest.lock */ = {
			isa = PBXShellScriptBuildPhase;
			buildActionMask = 2147483647;
			files = (
			);
			inputPaths = (
				"${PODS_PODFILE_DIR_PATH}/Podfile.lock",
				"${PODS_ROOT}/Manifest.lock",
			);
			name = "[CP] Check Pods Manifest.lock";
			outputPaths = (
				"$(DERIVED_FILE_DIR)/Pods-UICollectionView Practice-checkManifestLockResult.txt",
			);
			runOnlyForDeploymentPostprocessing = 0;
			shellPath = /bin/sh;
			shellScript = "diff \"${PODS_PODFILE_DIR_PATH}/Podfile.lock\" \"${PODS_ROOT}/Manifest.lock\" > /dev/null\nif [ $? != 0 ] ; then\n    # print error to STDERR\n    echo \"error: The sandbox is not in sync with the Podfile.lock. Run 'pod install' or update your CocoaPods installation.\" >&2\n    exit 1\nfi\n# This output is used by Xcode 'outputs' to avoid re-running this script phase.\necho \"SUCCESS\" > \"${SCRIPT_OUTPUT_FILE_0}\"\n";
			showEnvVarsInLog = 0;
		};
/* End PBXShellScriptBuildPhase section */

/* Begin PBXSourcesBuildPhase section */
		1A9F036B215A5EA6004AF632 /* Sources */ = {
			isa = PBXSourcesBuildPhase;
			buildActionMask = 2147483647;
			files = (
				563187D8219B81E800E5B6BF /* CategoryViewController.swift in Sources */,
				1AAA9C5821645D98007FB6E8 /* ToDoVC.swift in Sources */,
				1AB90B38215B2E4E004BF093 /* RoundButton.swift in Sources */,
				563187D4219A8BDE00E5B6BF /* Page.swift in Sources */,
				563187DA219DEC6500E5B6BF /* ExpandableItems.swift in Sources */,
				56F45AE1218BDAE900D0BD08 /* Settings.swift in Sources */,
				1AB90B5C215B7D53004BF093 /* DataModel.xcdatamodeld in Sources */,
				1AAA9C5A21645E11007FB6E8 /* SwipeTableViewController.swift in Sources */,
				5682BE28218FBDC60029A80A /* MyTableViewCell.swift in Sources */,
				563187D2219A8B4500E5B6BF /* SwipingController.swift in Sources */,
				563187D6219A8C9E00E5B6BF /* PageCell.swift in Sources */,
				56714F7621914245000CBB04 /* NotesVC.swift in Sources */,
				1A9F0373215A5EA6004AF632 /* AppDelegate.swift in Sources */,
				1A9F0385215A5F83004AF632 /* CollectionViewCell.swift in Sources */,
			);
			runOnlyForDeploymentPostprocessing = 0;
		};
/* End PBXSourcesBuildPhase section */

/* Begin PBXVariantGroup section */
		1A9F0376215A5EA6004AF632 /* Main.storyboard */ = {
			isa = PBXVariantGroup;
			children = (
				1A9F0377215A5EA6004AF632 /* Base */,
			);
			name = Main.storyboard;
			sourceTree = "<group>";
		};
		1A9F037B215A5EA7004AF632 /* LaunchScreen.storyboard */ = {
			isa = PBXVariantGroup;
			children = (
				1A9F037C215A5EA7004AF632 /* Base */,
			);
			name = LaunchScreen.storyboard;
			sourceTree = "<group>";
		};
/* End PBXVariantGroup section */

/* Begin XCBuildConfiguration section */
		1A9F037F215A5EA7004AF632 /* Debug */ = {
			isa = XCBuildConfiguration;
			buildSettings = {
				ALWAYS_SEARCH_USER_PATHS = NO;
				CLANG_ANALYZER_NONNULL = YES;
				CLANG_ANALYZER_NUMBER_OBJECT_CONVERSION = YES_AGGRESSIVE;
				CLANG_CXX_LANGUAGE_STANDARD = "gnu++14";
				CLANG_CXX_LIBRARY = "libc++";
				CLANG_ENABLE_MODULES = YES;
				CLANG_ENABLE_OBJC_ARC = YES;
				CLANG_ENABLE_OBJC_WEAK = YES;
				CLANG_WARN_BLOCK_CAPTURE_AUTORELEASING = YES;
				CLANG_WARN_BOOL_CONVERSION = YES;
				CLANG_WARN_COMMA = YES;
				CLANG_WARN_CONSTANT_CONVERSION = YES;
				CLANG_WARN_DEPRECATED_OBJC_IMPLEMENTATIONS = YES;
				CLANG_WARN_DIRECT_OBJC_ISA_USAGE = YES_ERROR;
				CLANG_WARN_DOCUMENTATION_COMMENTS = YES;
				CLANG_WARN_EMPTY_BODY = YES;
				CLANG_WARN_ENUM_CONVERSION = YES;
				CLANG_WARN_INFINITE_RECURSION = YES;
				CLANG_WARN_INT_CONVERSION = YES;
				CLANG_WARN_NON_LITERAL_NULL_CONVERSION = YES;
				CLANG_WARN_OBJC_IMPLICIT_RETAIN_SELF = YES;
				CLANG_WARN_OBJC_LITERAL_CONVERSION = YES;
				CLANG_WARN_OBJC_ROOT_CLASS = YES_ERROR;
				CLANG_WARN_RANGE_LOOP_ANALYSIS = YES;
				CLANG_WARN_STRICT_PROTOTYPES = YES;
				CLANG_WARN_SUSPICIOUS_MOVE = YES;
				CLANG_WARN_UNGUARDED_AVAILABILITY = YES_AGGRESSIVE;
				CLANG_WARN_UNREACHABLE_CODE = YES;
				CLANG_WARN__DUPLICATE_METHOD_MATCH = YES;
				CODE_SIGN_IDENTITY = "iPhone Developer";
				COPY_PHASE_STRIP = NO;
				DEBUG_INFORMATION_FORMAT = dwarf;
				ENABLE_STRICT_OBJC_MSGSEND = YES;
				ENABLE_TESTABILITY = YES;
				GCC_C_LANGUAGE_STANDARD = gnu11;
				GCC_DYNAMIC_NO_PIC = NO;
				GCC_NO_COMMON_BLOCKS = YES;
				GCC_OPTIMIZATION_LEVEL = 0;
				GCC_PREPROCESSOR_DEFINITIONS = (
					"DEBUG=1",
					"$(inherited)",
				);
				GCC_WARN_64_TO_32_BIT_CONVERSION = YES;
				GCC_WARN_ABOUT_RETURN_TYPE = YES_ERROR;
				GCC_WARN_UNDECLARED_SELECTOR = YES;
				GCC_WARN_UNINITIALIZED_AUTOS = YES_AGGRESSIVE;
				GCC_WARN_UNUSED_FUNCTION = YES;
				GCC_WARN_UNUSED_VARIABLE = YES;
				IPHONEOS_DEPLOYMENT_TARGET = 12.0;
				MTL_ENABLE_DEBUG_INFO = INCLUDE_SOURCE;
				MTL_FAST_MATH = YES;
				ONLY_ACTIVE_ARCH = YES;
				SDKROOT = iphoneos;
				SWIFT_ACTIVE_COMPILATION_CONDITIONS = DEBUG;
				SWIFT_OPTIMIZATION_LEVEL = "-Onone";
			};
			name = Debug;
		};
		1A9F0380215A5EA7004AF632 /* Release */ = {
			isa = XCBuildConfiguration;
			buildSettings = {
				ALWAYS_SEARCH_USER_PATHS = NO;
				CLANG_ANALYZER_NONNULL = YES;
				CLANG_ANALYZER_NUMBER_OBJECT_CONVERSION = YES_AGGRESSIVE;
				CLANG_CXX_LANGUAGE_STANDARD = "gnu++14";
				CLANG_CXX_LIBRARY = "libc++";
				CLANG_ENABLE_MODULES = YES;
				CLANG_ENABLE_OBJC_ARC = YES;
				CLANG_ENABLE_OBJC_WEAK = YES;
				CLANG_WARN_BLOCK_CAPTURE_AUTORELEASING = YES;
				CLANG_WARN_BOOL_CONVERSION = YES;
				CLANG_WARN_COMMA = YES;
				CLANG_WARN_CONSTANT_CONVERSION = YES;
				CLANG_WARN_DEPRECATED_OBJC_IMPLEMENTATIONS = YES;
				CLANG_WARN_DIRECT_OBJC_ISA_USAGE = YES_ERROR;
				CLANG_WARN_DOCUMENTATION_COMMENTS = YES;
				CLANG_WARN_EMPTY_BODY = YES;
				CLANG_WARN_ENUM_CONVERSION = YES;
				CLANG_WARN_INFINITE_RECURSION = YES;
				CLANG_WARN_INT_CONVERSION = YES;
				CLANG_WARN_NON_LITERAL_NULL_CONVERSION = YES;
				CLANG_WARN_OBJC_IMPLICIT_RETAIN_SELF = YES;
				CLANG_WARN_OBJC_LITERAL_CONVERSION = YES;
				CLANG_WARN_OBJC_ROOT_CLASS = YES_ERROR;
				CLANG_WARN_RANGE_LOOP_ANALYSIS = YES;
				CLANG_WARN_STRICT_PROTOTYPES = YES;
				CLANG_WARN_SUSPICIOUS_MOVE = YES;
				CLANG_WARN_UNGUARDED_AVAILABILITY = YES_AGGRESSIVE;
				CLANG_WARN_UNREACHABLE_CODE = YES;
				CLANG_WARN__DUPLICATE_METHOD_MATCH = YES;
				CODE_SIGN_IDENTITY = "iPhone Developer";
				COPY_PHASE_STRIP = NO;
				DEBUG_INFORMATION_FORMAT = "dwarf-with-dsym";
				ENABLE_NS_ASSERTIONS = NO;
				ENABLE_STRICT_OBJC_MSGSEND = YES;
				GCC_C_LANGUAGE_STANDARD = gnu11;
				GCC_NO_COMMON_BLOCKS = YES;
				GCC_WARN_64_TO_32_BIT_CONVERSION = YES;
				GCC_WARN_ABOUT_RETURN_TYPE = YES_ERROR;
				GCC_WARN_UNDECLARED_SELECTOR = YES;
				GCC_WARN_UNINITIALIZED_AUTOS = YES_AGGRESSIVE;
				GCC_WARN_UNUSED_FUNCTION = YES;
				GCC_WARN_UNUSED_VARIABLE = YES;
				IPHONEOS_DEPLOYMENT_TARGET = 12.0;
				MTL_ENABLE_DEBUG_INFO = NO;
				MTL_FAST_MATH = YES;
				SDKROOT = iphoneos;
				SWIFT_COMPILATION_MODE = wholemodule;
				SWIFT_OPTIMIZATION_LEVEL = "-O";
				VALIDATE_PRODUCT = YES;
			};
			name = Release;
		};
		1A9F0382215A5EA7004AF632 /* Debug */ = {
			isa = XCBuildConfiguration;
			baseConfigurationReference = 797524B0D61ED8BEA200DB09 /* Pods-UICollectionView Practice.debug.xcconfig */;
			buildSettings = {
				ASSETCATALOG_COMPILER_APPICON_NAME = AppIcon;
				CODE_SIGN_STYLE = Automatic;
				DEVELOPMENT_TEAM = HQC4F8PDEP;
				INFOPLIST_FILE = "UICollectionView Practice/Info.plist";
				LD_RUNPATH_SEARCH_PATHS = (
					"$(inherited)",
					"@executable_path/Frameworks",
				);
				PRODUCT_BUNDLE_IDENTIFIER = "DongMingHu.UICollectionView-Practice";
				PRODUCT_NAME = "$(TARGET_NAME)";
				SWIFT_VERSION = 4.2;
				TARGETED_DEVICE_FAMILY = "1,2";
			};
			name = Debug;
		};
		1A9F0383215A5EA7004AF632 /* Release */ = {
			isa = XCBuildConfiguration;
			baseConfigurationReference = A69B6A1646C86B0EF856BEBB /* Pods-UICollectionView Practice.release.xcconfig */;
			buildSettings = {
				ASSETCATALOG_COMPILER_APPICON_NAME = AppIcon;
				CODE_SIGN_STYLE = Automatic;
				DEVELOPMENT_TEAM = HQC4F8PDEP;
				INFOPLIST_FILE = "UICollectionView Practice/Info.plist";
				LD_RUNPATH_SEARCH_PATHS = (
					"$(inherited)",
					"@executable_path/Frameworks",
				);
				PRODUCT_BUNDLE_IDENTIFIER = "DongMingHu.UICollectionView-Practice";
				PRODUCT_NAME = "$(TARGET_NAME)";
				SWIFT_VERSION = 4.2;
				TARGETED_DEVICE_FAMILY = "1,2";
			};
			name = Release;
		};
/* End XCBuildConfiguration section */

/* Begin XCConfigurationList section */
		1A9F036A215A5EA6004AF632 /* Build configuration list for PBXProject "UICollectionView Practice" */ = {
			isa = XCConfigurationList;
			buildConfigurations = (
				1A9F037F215A5EA7004AF632 /* Debug */,
				1A9F0380215A5EA7004AF632 /* Release */,
			);
			defaultConfigurationIsVisible = 0;
			defaultConfigurationName = Release;
		};
		1A9F0381215A5EA7004AF632 /* Build configuration list for PBXNativeTarget "UICollectionView Practice" */ = {
			isa = XCConfigurationList;
			buildConfigurations = (
				1A9F0382215A5EA7004AF632 /* Debug */,
				1A9F0383215A5EA7004AF632 /* Release */,
			);
			defaultConfigurationIsVisible = 0;
			defaultConfigurationName = Release;
		};
/* End XCConfigurationList section */

/* Begin XCVersionGroup section */
		1AB90B5A215B7D53004BF093 /* DataModel.xcdatamodeld */ = {
			isa = XCVersionGroup;
			children = (
				1AB90B5B215B7D53004BF093 /* DataModel.xcdatamodel */,
			);
			currentVersion = 1AB90B5B215B7D53004BF093 /* DataModel.xcdatamodel */;
			path = DataModel.xcdatamodeld;
			sourceTree = "<group>";
			versionGroupType = wrapper.xcdatamodel;
		};
/* End XCVersionGroup section */
	};
	rootObject = 1A9F0367215A5EA6004AF632 /* Project object */;
}
